{
  "requires": true,
  "lockfileVersion": 1,
  "dependencies": {
    "cordova-plugin-device-gyroscope": {
      "version": "0.2.2",
      "resolved": "https://registry.npmjs.org/cordova-plugin-device-gyroscope/-/cordova-plugin-device-gyroscope-0.2.2.tgz",
      "integrity": "sha512-jEPYKEPxCLOQAG+qRWyubgJTl8kX7DjAfa3R+L7HPpEXwcZoNBcJUV22qv/xjJeaN/8B58IQTv8MyIoI28IrZg=="
    }
  }
}
